
Microsoft Visual Studio Solution File, Format Version 12.00
# Visual Studio Version 17
VisualStudioVersion = 17.8.34525.116
MinimumVisualStudioVersion = 10.0.40219.1
Project("{FAE04EC0-301F-11D3-BF4B-00C04F79EFBC}") = "WebAPI", "WebAPI\WebAPI.csproj", "{A2D5D1BF-5C7B-4AB4-99F3-18D3C6057709}"
EndProject
Global
	GlobalSection(SolutionConfigurationPlatforms) = preSolution
		Debug|Any CPU = Debug|Any CPU
		Release|Any CPU = Release|Any CPU
	EndGlobalSection
	GlobalSection(ProjectConfigurationPlatforms) = postSolution
		{A2D5D1BF-5C7B-4AB4-99F3-18D3C6057709}.Debug|Any CPU.ActiveCfg = Debug|Any CPU
		{A2D5D1BF-5C7B-4AB4-99F3-18D3C6057709}.Debug|Any CPU.Build.0 = Debug|Any CPU
		{A2D5D1BF-5C7B-4AB4-99F3-18D3C6057709}.Release|Any CPU.ActiveCfg = Release|Any CPU
		{A2D5D1BF-5C7B-4AB4-99F3-18D3C6057709}.Release|Any CPU.Build.0 = Release|Any CPU
	EndGlobalSection
	GlobalSection(SolutionProperties) = preSolution
		HideSolutionNode = FALSE
	EndGlobalSection
	GlobalSection(ExtensibilityGlobals) = postSolution
		SolutionGuid = {3C709B4D-65C7-42A0-B345-B7A47DBEAEDF}
	EndGlobalSection
EndGlobal
